{
  "object": {
    "pins": [
      {
        "package": "DeviceKit",
        "repositoryURL": "https://github.com/devicekit/DeviceKit.git",
        "state": {
          "branch": null,
          "revision": "4cf9f057db69104851634269f7839f8d0bd346a3",
          "version": "4.3.0"
        }
      },
      {
        "package": "Request",
        "repositoryURL": "https://github.com/carson-katri/swift-request",
        "state": {
          "branch": null,
          "revision": "1b4493f01e4d968ab17ed5e17a91a117a22d636f",
          "version": "1.3.0"
        }
      },
      {
        "package": "SlideOverCard",
        "repositoryURL": "https://github.com/moifort/swiftUI-slide-over-card",
        "state": {
          "branch": null,
          "revision": "9fdc77c16d639d80a789daad0e036a24faf00825",
          "version": "1.2.1"
        }
      }
    ]
  },
  "version": 1
}
