// !$*UTF8*$!
{
	archiveVersion = 1;
	classes = {
	};
	objectVersion = 54;
	objects = {

/* Begin PBXBuildFile section */
		5C06515D25EF09A6005028C0 /* LikedListView.swift in Sources */ = {isa = PBXBuildFile; fileRef = 5C06515C25EF09A6005028C0 /* LikedListView.swift */; };
		5C07955F259A7E5300688501 /* TabBarView.swift in Sources */ = {isa = PBXBuildFile; fileRef = 5C07955E259A7E5300688501 /* TabBarView.swift */; };
		5C07956D259A8B0800688501 /* Category.swift in Sources */ = {isa = PBXBuildFile; fileRef = 5C07956C259A8B0800688501 /* Category.swift */; };
		5C1CAB26260A608400374DFB /* UserCreatedPostView.swift in Sources */ = {isa = PBXBuildFile; fileRef = 5C1CAB25260A608400374DFB /* UserCreatedPostView.swift */; };
		5C1CAB35260A8BD500374DFB /* DeviceKit in Frameworks */ = {isa = PBXBuildFile; productRef = 5C1CAB34260A8BD500374DFB /* DeviceKit */; };
		5C755E752523A03F00267557 /* SubmitPostView.swift in Sources */ = {isa = PBXBuildFile; fileRef = 5C755E742523A03F00267557 /* SubmitPostView.swift */; };
		5C75E5D3253F6F3900B97254 /* User.swift in Sources */ = {isa = PBXBuildFile; fileRef = 5C75E5D2253F6F3900B97254 /* User.swift */; };
		5C75E5DD253F702B00B97254 /* UserProfileView.swift in Sources */ = {isa = PBXBuildFile; fileRef = 5C75E5DC253F702B00B97254 /* UserProfileView.swift */; };
		5C75E5E2253F7C2C00B97254 /* LoginView.swift in Sources */ = {isa = PBXBuildFile; fileRef = 5C75E5E1253F7C2C00B97254 /* LoginView.swift */; };
		5CB22C1D261CF07000822BBE /* UserLikedView.swift in Sources */ = {isa = PBXBuildFile; fileRef = 5CB22C1C261CF07000822BBE /* UserLikedView.swift */; };
		5CCF766324F85B140040EC07 /* SceneDelegate.swift in Sources */ = {isa = PBXBuildFile; fileRef = 5CCF766224F85B140040EC07 /* SceneDelegate.swift */; };
		5CCF766524F85C610040EC07 /* AppDelegate.swift in Sources */ = {isa = PBXBuildFile; fileRef = 5CCF766424F85C610040EC07 /* AppDelegate.swift */; };
		5CCF766724F85CC90040EC07 /* ContentView.swift in Sources */ = {isa = PBXBuildFile; fileRef = 5CCF766624F85CC90040EC07 /* ContentView.swift */; };
		5CCF766B24F85DB20040EC07 /* SpinnerView.swift in Sources */ = {isa = PBXBuildFile; fileRef = 5CCF766924F85DB20040EC07 /* SpinnerView.swift */; };
		5CCF766C24F85DB20040EC07 /* WebView.swift in Sources */ = {isa = PBXBuildFile; fileRef = 5CCF766A24F85DB20040EC07 /* WebView.swift */; };
		5CCF767A24F860D30040EC07 /* MetadataView.swift in Sources */ = {isa = PBXBuildFile; fileRef = 5CCF767424F860D30040EC07 /* MetadataView.swift */; };
		5CCF767C24F860D30040EC07 /* PostList.swift in Sources */ = {isa = PBXBuildFile; fileRef = 5CCF767624F860D30040EC07 /* PostList.swift */; };
		5CCF767E24F860D30040EC07 /* PostView.swift in Sources */ = {isa = PBXBuildFile; fileRef = 5CCF767824F860D30040EC07 /* PostView.swift */; };
		5CCF768624F860E30040EC07 /* Post.swift in Sources */ = {isa = PBXBuildFile; fileRef = 5CCF768224F860E30040EC07 /* Post.swift */; };
		5CCF768A24F861060040EC07 /* Helpers.swift in Sources */ = {isa = PBXBuildFile; fileRef = 5CCF768924F861060040EC07 /* Helpers.swift */; };
		5CCF769124F865300040EC07 /* LaunchScreen.storyboard in Resources */ = {isa = PBXBuildFile; fileRef = 5CCF769324F865300040EC07 /* LaunchScreen.storyboard */; };
		5CE12F3624F855E100C8D5D0 /* LocalistTests.swift in Sources */ = {isa = PBXBuildFile; fileRef = 5CE12F3524F855E100C8D5D0 /* LocalistTests.swift */; };
		5CE12F4124F855E100C8D5D0 /* LocalistUITests.swift in Sources */ = {isa = PBXBuildFile; fileRef = 5CE12F4024F855E100C8D5D0 /* LocalistUITests.swift */; };
		5CE12F5F24F8565E00C8D5D0 /* SortBy.swift in Sources */ = {isa = PBXBuildFile; fileRef = 5CE12F5124F8565E00C8D5D0 /* SortBy.swift */; };
		5CE12F6224F8565E00C8D5D0 /* Listing.swift in Sources */ = {isa = PBXBuildFile; fileRef = 5CE12F5424F8565E00C8D5D0 /* Listing.swift */; };
		5CE12F6324F8565E00C8D5D0 /* API.swift in Sources */ = {isa = PBXBuildFile; fileRef = 5CE12F5524F8565E00C8D5D0 /* API.swift */; };
		5CE12F6624F8565E00C8D5D0 /* PostDetailView.swift in Sources */ = {isa = PBXBuildFile; fileRef = 5CE12F5924F8565E00C8D5D0 /* PostDetailView.swift */; };
		5CE12F8C24F857CE00C8D5D0 /* Json in Frameworks */ = {isa = PBXBuildFile; productRef = 5CE12F8B24F857CE00C8D5D0 /* Json */; };
		5CE12F8E24F857CE00C8D5D0 /* Request in Frameworks */ = {isa = PBXBuildFile; productRef = 5CE12F8D24F857CE00C8D5D0 /* Request */; };
		5CF2309D2501ACB1004A1C71 /* CommentView.swift in Sources */ = {isa = PBXBuildFile; fileRef = 5CF2309C2501ACB1004A1C71 /* CommentView.swift */; };
		5D86E378260A7A5F00B002D8 /* FeedbackView.swift in Sources */ = {isa = PBXBuildFile; fileRef = 5D86E377260A7A5F00B002D8 /* FeedbackView.swift */; };
		B00258012559B5EB00BB7815 /* SlideOverCard in Frameworks */ = {isa = PBXBuildFile; productRef = B00258002559B5EB00BB7815 /* SlideOverCard */; };
		B002582B255A4EA700BB7815 /* PageView.swift in Sources */ = {isa = PBXBuildFile; fileRef = B002582A255A4EA700BB7815 /* PageView.swift */; };
		B0025830255A4F0900BB7815 /* Location.swift in Sources */ = {isa = PBXBuildFile; fileRef = B002582F255A4F0900BB7815 /* Location.swift */; };
		B0025841255B5F3200BB7815 /* Date.swift in Sources */ = {isa = PBXBuildFile; fileRef = B0025840255B5F3200BB7815 /* Date.swift */; };
		B06520FD2582C27C000CA1DE /* UserInfo.swift in Sources */ = {isa = PBXBuildFile; fileRef = B06520FC2582C27C000CA1DE /* UserInfo.swift */; };
		B065210B2582C99F000CA1DE /* MenuView.swift in Sources */ = {isa = PBXBuildFile; fileRef = B065210A2582C99F000CA1DE /* MenuView.swift */; };
		B07A9F7B25579C51008715CC /* Images-4.xcassets in Resources */ = {isa = PBXBuildFile; fileRef = B07A9F7A25579C51008715CC /* Images-4.xcassets */; };
		B0858191251F8A61001D067E /* CreateUserView.swift in Sources */ = {isa = PBXBuildFile; fileRef = B0858190251F8A61001D067E /* CreateUserView.swift */; };
		B0858196251FA495001D067E /* FeedView.swift in Sources */ = {isa = PBXBuildFile; fileRef = B0858195251FA495001D067E /* FeedView.swift */; };
		B0E5368E2533E08F009663E7 /* SubmitCommentView.swift in Sources */ = {isa = PBXBuildFile; fileRef = B0E5368D2533E08F009663E7 /* SubmitCommentView.swift */; };
		B0F547312523CE800009ABAE /* CommentsView.swift in Sources */ = {isa = PBXBuildFile; fileRef = B0F547302523CE800009ABAE /* CommentsView.swift */; };
		B0F547362523CFE40009ABAE /* Comment.swift in Sources */ = {isa = PBXBuildFile; fileRef = B0F547352523CFE40009ABAE /* Comment.swift */; };
		BC279CDB381639637AABDF52 /* Pods_Bubble.framework in Frameworks */ = {isa = PBXBuildFile; fileRef = 966E3379C738237B468604C1 /* Pods_Bubble.framework */; };
/* End PBXBuildFile section */

/* Begin PBXContainerItemProxy section */
		5CE12F3224F855E100C8D5D0 /* PBXContainerItemProxy */ = {
			isa = PBXContainerItemProxy;
			containerPortal = 5CE12F1824F855DD00C8D5D0 /* Project object */;
			proxyType = 1;
			remoteGlobalIDString = 5CE12F1F24F855DD00C8D5D0;
			remoteInfo = Localist;
		};
		5CE12F3D24F855E100C8D5D0 /* PBXContainerItemProxy */ = {
			isa = PBXContainerItemProxy;
			containerPortal = 5CE12F1824F855DD00C8D5D0 /* Project object */;
			proxyType = 1;
			remoteGlobalIDString = 5CE12F1F24F855DD00C8D5D0;
			remoteInfo = Localist;
		};
/* End PBXContainerItemProxy section */

/* Begin PBXFileReference section */
		5C06515C25EF09A6005028C0 /* LikedListView.swift */ = {isa = PBXFileReference; fileEncoding = 4; lastKnownFileType = sourcecode.swift; path = LikedListView.swift; sourceTree = "<group>"; };
		5C07955E259A7E5300688501 /* TabBarView.swift */ = {isa = PBXFileReference; lastKnownFileType = sourcecode.swift; path = TabBarView.swift; sourceTree = "<group>"; };
		5C07956C259A8B0800688501 /* Category.swift */ = {isa = PBXFileReference; lastKnownFileType = sourcecode.swift; path = Category.swift; sourceTree = "<group>"; };
		5C1CAB25260A608400374DFB /* UserCreatedPostView.swift */ = {isa = PBXFileReference; lastKnownFileType = sourcecode.swift; path = UserCreatedPostView.swift; sourceTree = "<group>"; };
		5C73E7BC250866E600252D50 /* SubmitView.swift */ = {isa = PBXFileReference; lastKnownFileType = sourcecode.swift; path = SubmitView.swift; sourceTree = "<group>"; };
		5C755E742523A03F00267557 /* SubmitPostView.swift */ = {isa = PBXFileReference; lastKnownFileType = sourcecode.swift; path = SubmitPostView.swift; sourceTree = "<group>"; };
		5C75E5D2253F6F3900B97254 /* User.swift */ = {isa = PBXFileReference; fileEncoding = 4; lastKnownFileType = sourcecode.swift; path = User.swift; sourceTree = "<group>"; };
		5C75E5DC253F702B00B97254 /* UserProfileView.swift */ = {isa = PBXFileReference; fileEncoding = 4; lastKnownFileType = sourcecode.swift; path = UserProfileView.swift; sourceTree = "<group>"; };
		5C75E5E1253F7C2C00B97254 /* LoginView.swift */ = {isa = PBXFileReference; lastKnownFileType = sourcecode.swift; path = LoginView.swift; sourceTree = "<group>"; };
		5CB22C1C261CF07000822BBE /* UserLikedView.swift */ = {isa = PBXFileReference; lastKnownFileType = sourcecode.swift; path = UserLikedView.swift; sourceTree = "<group>"; };
		5CCF766224F85B140040EC07 /* SceneDelegate.swift */ = {isa = PBXFileReference; fileEncoding = 4; lastKnownFileType = sourcecode.swift; path = SceneDelegate.swift; sourceTree = "<group>"; };
		5CCF766424F85C610040EC07 /* AppDelegate.swift */ = {isa = PBXFileReference; fileEncoding = 4; lastKnownFileType = sourcecode.swift; name = AppDelegate.swift; path = Localist/AppDelegate.swift; sourceTree = "<group>"; };
		5CCF766624F85CC90040EC07 /* ContentView.swift */ = {isa = PBXFileReference; lastKnownFileType = sourcecode.swift; path = ContentView.swift; sourceTree = "<group>"; };
		5CCF766924F85DB20040EC07 /* SpinnerView.swift */ = {isa = PBXFileReference; fileEncoding = 4; lastKnownFileType = sourcecode.swift; path = SpinnerView.swift; sourceTree = "<group>"; };
		5CCF766A24F85DB20040EC07 /* WebView.swift */ = {isa = PBXFileReference; fileEncoding = 4; lastKnownFileType = sourcecode.swift; path = WebView.swift; sourceTree = "<group>"; };
		5CCF766D24F85DEB0040EC07 /* PostList.swift */ = {isa = PBXFileReference; lastKnownFileType = sourcecode.swift; path = PostList.swift; sourceTree = "<group>"; };
		5CCF766F24F85EED0040EC07 /* Images.xcassets */ = {isa = PBXFileReference; lastKnownFileType = folder.assetcatalog; path = Images.xcassets; sourceTree = "<group>"; };
		5CCF767424F860D30040EC07 /* MetadataView.swift */ = {isa = PBXFileReference; fileEncoding = 4; lastKnownFileType = sourcecode.swift; path = MetadataView.swift; sourceTree = "<group>"; };
		5CCF767524F860D30040EC07 /* PostDetailView.swift */ = {isa = PBXFileReference; fileEncoding = 4; lastKnownFileType = sourcecode.swift; path = PostDetailView.swift; sourceTree = "<group>"; };
		5CCF767624F860D30040EC07 /* PostList.swift */ = {isa = PBXFileReference; fileEncoding = 4; lastKnownFileType = sourcecode.swift; path = PostList.swift; sourceTree = "<group>"; };
		5CCF767824F860D30040EC07 /* PostView.swift */ = {isa = PBXFileReference; fileEncoding = 4; lastKnownFileType = sourcecode.swift; path = PostView.swift; sourceTree = "<group>"; };
		5CCF768024F860E30040EC07 /* SortBy.swift */ = {isa = PBXFileReference; fileEncoding = 4; lastKnownFileType = sourcecode.swift; path = SortBy.swift; sourceTree = "<group>"; };
		5CCF768224F860E30040EC07 /* Post.swift */ = {isa = PBXFileReference; fileEncoding = 4; lastKnownFileType = sourcecode.swift; path = Post.swift; sourceTree = "<group>"; };
		5CCF768324F860E30040EC07 /* Listing.swift */ = {isa = PBXFileReference; fileEncoding = 4; lastKnownFileType = sourcecode.swift; path = Listing.swift; sourceTree = "<group>"; };
		5CCF768924F861060040EC07 /* Helpers.swift */ = {isa = PBXFileReference; fileEncoding = 4; lastKnownFileType = sourcecode.swift; path = Helpers.swift; sourceTree = "<group>"; };
		5CCF768D24F8639E0040EC07 /* Info.plist */ = {isa = PBXFileReference; fileEncoding = 4; lastKnownFileType = text.plist.xml; path = Info.plist; sourceTree = "<group>"; };
		5CCF769224F865300040EC07 /* Base */ = {isa = PBXFileReference; lastKnownFileType = file.storyboard; name = Base; path = Base.lproj/LaunchScreen.storyboard; sourceTree = "<group>"; };
		5CE12F2024F855DD00C8D5D0 /* Bubble.app */ = {isa = PBXFileReference; explicitFileType = wrapper.application; includeInIndex = 0; path = Bubble.app; sourceTree = BUILT_PRODUCTS_DIR; };
		5CE12F3124F855E100C8D5D0 /* BubbleTests.xctest */ = {isa = PBXFileReference; explicitFileType = wrapper.cfbundle; includeInIndex = 0; path = BubbleTests.xctest; sourceTree = BUILT_PRODUCTS_DIR; };
		5CE12F3524F855E100C8D5D0 /* LocalistTests.swift */ = {isa = PBXFileReference; lastKnownFileType = sourcecode.swift; path = LocalistTests.swift; sourceTree = "<group>"; };
		5CE12F3724F855E100C8D5D0 /* Info.plist */ = {isa = PBXFileReference; lastKnownFileType = text.plist.xml; path = Info.plist; sourceTree = "<group>"; };
		5CE12F3C24F855E100C8D5D0 /* BubbleUITests.xctest */ = {isa = PBXFileReference; explicitFileType = wrapper.cfbundle; includeInIndex = 0; path = BubbleUITests.xctest; sourceTree = BUILT_PRODUCTS_DIR; };
		5CE12F4024F855E100C8D5D0 /* LocalistUITests.swift */ = {isa = PBXFileReference; lastKnownFileType = sourcecode.swift; path = LocalistUITests.swift; sourceTree = "<group>"; };
		5CE12F4224F855E100C8D5D0 /* Info.plist */ = {isa = PBXFileReference; lastKnownFileType = text.plist.xml; path = Info.plist; sourceTree = "<group>"; };
		5CE12F4F24F8565E00C8D5D0 /* SharedAssets.xcassets */ = {isa = PBXFileReference; lastKnownFileType = folder.assetcatalog; path = SharedAssets.xcassets; sourceTree = "<group>"; };
		5CE12F5124F8565E00C8D5D0 /* SortBy.swift */ = {isa = PBXFileReference; fileEncoding = 4; lastKnownFileType = sourcecode.swift; path = SortBy.swift; sourceTree = "<group>"; };
		5CE12F5324F8565E00C8D5D0 /* Post.swift */ = {isa = PBXFileReference; fileEncoding = 4; lastKnownFileType = sourcecode.swift; path = Post.swift; sourceTree = "<group>"; };
		5CE12F5424F8565E00C8D5D0 /* Listing.swift */ = {isa = PBXFileReference; fileEncoding = 4; lastKnownFileType = sourcecode.swift; path = Listing.swift; sourceTree = "<group>"; };
		5CE12F5524F8565E00C8D5D0 /* API.swift */ = {isa = PBXFileReference; fileEncoding = 4; lastKnownFileType = sourcecode.swift; path = API.swift; sourceTree = "<group>"; };
		5CE12F5824F8565E00C8D5D0 /* MetadataView.swift */ = {isa = PBXFileReference; fileEncoding = 4; lastKnownFileType = sourcecode.swift; path = MetadataView.swift; sourceTree = "<group>"; };
		5CE12F5924F8565E00C8D5D0 /* PostDetailView.swift */ = {isa = PBXFileReference; fileEncoding = 4; lastKnownFileType = sourcecode.swift; path = PostDetailView.swift; sourceTree = "<group>"; };
		5CE12F5B24F8565E00C8D5D0 /* PostView.swift */ = {isa = PBXFileReference; fileEncoding = 4; lastKnownFileType = sourcecode.swift; path = PostView.swift; sourceTree = "<group>"; };
		5CF2309C2501ACB1004A1C71 /* CommentView.swift */ = {isa = PBXFileReference; lastKnownFileType = sourcecode.swift; path = CommentView.swift; sourceTree = "<group>"; };
		5D86E377260A7A5F00B002D8 /* FeedbackView.swift */ = {isa = PBXFileReference; lastKnownFileType = sourcecode.swift; path = FeedbackView.swift; sourceTree = "<group>"; };
		8CD38C4746E74BBD41B28468 /* Pods-Bubble.release.xcconfig */ = {isa = PBXFileReference; includeInIndex = 1; lastKnownFileType = text.xcconfig; name = "Pods-Bubble.release.xcconfig"; path = "Target Support Files/Pods-Bubble/Pods-Bubble.release.xcconfig"; sourceTree = "<group>"; };
		966E3379C738237B468604C1 /* Pods_Bubble.framework */ = {isa = PBXFileReference; explicitFileType = wrapper.framework; includeInIndex = 0; path = Pods_Bubble.framework; sourceTree = BUILT_PRODUCTS_DIR; };
		B002582A255A4EA700BB7815 /* PageView.swift */ = {isa = PBXFileReference; lastKnownFileType = sourcecode.swift; path = PageView.swift; sourceTree = "<group>"; };
		B002582F255A4F0900BB7815 /* Location.swift */ = {isa = PBXFileReference; lastKnownFileType = sourcecode.swift; path = Location.swift; sourceTree = "<group>"; };
		B0025840255B5F3200BB7815 /* Date.swift */ = {isa = PBXFileReference; lastKnownFileType = sourcecode.swift; path = Date.swift; sourceTree = "<group>"; };
		B06520FC2582C27C000CA1DE /* UserInfo.swift */ = {isa = PBXFileReference; lastKnownFileType = sourcecode.swift; path = UserInfo.swift; sourceTree = "<group>"; };
		B065210A2582C99F000CA1DE /* MenuView.swift */ = {isa = PBXFileReference; lastKnownFileType = sourcecode.swift; path = MenuView.swift; sourceTree = "<group>"; };
		B07A9F7A25579C51008715CC /* Images-4.xcassets */ = {isa = PBXFileReference; lastKnownFileType = folder.assetcatalog; name = "Images-4.xcassets"; path = "Localist/Images-4.xcassets"; sourceTree = "<group>"; };
		B0858190251F8A61001D067E /* CreateUserView.swift */ = {isa = PBXFileReference; lastKnownFileType = sourcecode.swift; path = CreateUserView.swift; sourceTree = "<group>"; };
		B0858195251FA495001D067E /* FeedView.swift */ = {isa = PBXFileReference; lastKnownFileType = sourcecode.swift; path = FeedView.swift; sourceTree = "<group>"; };
		B0E5368D2533E08F009663E7 /* SubmitCommentView.swift */ = {isa = PBXFileReference; lastKnownFileType = sourcecode.swift; path = SubmitCommentView.swift; sourceTree = "<group>"; };
		B0F547302523CE800009ABAE /* CommentsView.swift */ = {isa = PBXFileReference; lastKnownFileType = sourcecode.swift; path = CommentsView.swift; sourceTree = "<group>"; };
		B0F547352523CFE40009ABAE /* Comment.swift */ = {isa = PBXFileReference; lastKnownFileType = sourcecode.swift; path = Comment.swift; sourceTree = "<group>"; };
		EFAF78476E4548BA4BF098FE /* Pods-Bubble.debug.xcconfig */ = {isa = PBXFileReference; includeInIndex = 1; lastKnownFileType = text.xcconfig; name = "Pods-Bubble.debug.xcconfig"; path = "Target Support Files/Pods-Bubble/Pods-Bubble.debug.xcconfig"; sourceTree = "<group>"; };
/* End PBXFileReference section */

/* Begin PBXFrameworksBuildPhase section */
		5CE12F1D24F855DD00C8D5D0 /* Frameworks */ = {
			isa = PBXFrameworksBuildPhase;
			buildActionMask = 2147483647;
			files = (
				5CE12F8E24F857CE00C8D5D0 /* Request in Frameworks */,
				5C1CAB35260A8BD500374DFB /* DeviceKit in Frameworks */,
				B00258012559B5EB00BB7815 /* SlideOverCard in Frameworks */,
				5CE12F8C24F857CE00C8D5D0 /* Json in Frameworks */,
				BC279CDB381639637AABDF52 /* Pods_Bubble.framework in Frameworks */,
			);
			runOnlyForDeploymentPostprocessing = 0;
		};
		5CE12F2E24F855E100C8D5D0 /* Frameworks */ = {
			isa = PBXFrameworksBuildPhase;
			buildActionMask = 2147483647;
			files = (
			);
			runOnlyForDeploymentPostprocessing = 0;
		};
		5CE12F3924F855E100C8D5D0 /* Frameworks */ = {
			isa = PBXFrameworksBuildPhase;
			buildActionMask = 2147483647;
			files = (
			);
			runOnlyForDeploymentPostprocessing = 0;
		};
/* End PBXFrameworksBuildPhase section */

/* Begin PBXGroup section */
		5CCF766824F85DB20040EC07 /* Representable */ = {
			isa = PBXGroup;
			children = (
				5CCF766924F85DB20040EC07 /* SpinnerView.swift */,
				5CCF766A24F85DB20040EC07 /* WebView.swift */,
			);
			path = Representable;
			sourceTree = "<group>";
		};
		5CCF767224F860D30040EC07 /* Views */ = {
			isa = PBXGroup;
			children = (
				5CCF767424F860D30040EC07 /* MetadataView.swift */,
				5CCF767524F860D30040EC07 /* PostDetailView.swift */,
				5CCF767624F860D30040EC07 /* PostList.swift */,
				5CCF767824F860D30040EC07 /* PostView.swift */,
				5CF2309C2501ACB1004A1C71 /* CommentView.swift */,
				5C73E7BC250866E600252D50 /* SubmitView.swift */,
			);
			path = Views;
			sourceTree = SOURCE_ROOT;
		};
		5CCF767F24F860E30040EC07 /* Models */ = {
			isa = PBXGroup;
			children = (
				5CCF768024F860E30040EC07 /* SortBy.swift */,
				5CCF768224F860E30040EC07 /* Post.swift */,
				5CCF768324F860E30040EC07 /* Listing.swift */,
			);
			path = Models;
			sourceTree = SOURCE_ROOT;
		};
		5CCF768824F861060040EC07 /* Helpers */ = {
			isa = PBXGroup;
			children = (
				5CCF768924F861060040EC07 /* Helpers.swift */,
			);
			path = Helpers;
			sourceTree = SOURCE_ROOT;
		};
		5CE12F1724F855DD00C8D5D0 = {
			isa = PBXGroup;
			children = (
				B07A9F7A25579C51008715CC /* Images-4.xcassets */,
				5CCF769324F865300040EC07 /* LaunchScreen.storyboard */,
				5CCF768D24F8639E0040EC07 /* Info.plist */,
				5CE12F5524F8565E00C8D5D0 /* API.swift */,
				5CCF766F24F85EED0040EC07 /* Images.xcassets */,
				5CCF766824F85DB20040EC07 /* Representable */,
				5CE12F4F24F8565E00C8D5D0 /* SharedAssets.xcassets */,
				5CE12F5C24F8565E00C8D5D0 /* Helpers */,
				5CE12F5624F8565E00C8D5D0 /* Views */,
				5CE12F5024F8565E00C8D5D0 /* Models */,
				5CCF766224F85B140040EC07 /* SceneDelegate.swift */,
				5CCF766424F85C610040EC07 /* AppDelegate.swift */,
				5CE12F4E24F8565E00C8D5D0 /* Shared */,
				5CE12F3424F855E100C8D5D0 /* LocalistTests */,
				5CE12F3F24F855E100C8D5D0 /* LocalistUITests */,
				5CE12F2124F855DD00C8D5D0 /* Products */,
				BB0CF5876F6A88CE19B05E34 /* Pods */,
				F535F9366AEFDFB6AB21682F /* Frameworks */,
			);
			sourceTree = "<group>";
		};
		5CE12F2124F855DD00C8D5D0 /* Products */ = {
			isa = PBXGroup;
			children = (
				5CE12F2024F855DD00C8D5D0 /* Bubble.app */,
				5CE12F3124F855E100C8D5D0 /* BubbleTests.xctest */,
				5CE12F3C24F855E100C8D5D0 /* BubbleUITests.xctest */,
			);
			name = Products;
			sourceTree = "<group>";
		};
		5CE12F3424F855E100C8D5D0 /* LocalistTests */ = {
			isa = PBXGroup;
			children = (
				5CE12F3524F855E100C8D5D0 /* LocalistTests.swift */,
				5CE12F3724F855E100C8D5D0 /* Info.plist */,
			);
			path = LocalistTests;
			sourceTree = "<group>";
		};
		5CE12F3F24F855E100C8D5D0 /* LocalistUITests */ = {
			isa = PBXGroup;
			children = (
				5CE12F4024F855E100C8D5D0 /* LocalistUITests.swift */,
				5CE12F4224F855E100C8D5D0 /* Info.plist */,
			);
			path = LocalistUITests;
			sourceTree = "<group>";
		};
		5CE12F4E24F8565E00C8D5D0 /* Shared */ = {
			isa = PBXGroup;
			children = (
				5CCF768824F861060040EC07 /* Helpers */,
				5CCF767F24F860E30040EC07 /* Models */,
				5CCF767224F860D30040EC07 /* Views */,
			);
			path = Shared;
			sourceTree = "<group>";
		};
		5CE12F5024F8565E00C8D5D0 /* Models */ = {
			isa = PBXGroup;
			children = (
				5C75E5D2253F6F3900B97254 /* User.swift */,
				5CE12F5124F8565E00C8D5D0 /* SortBy.swift */,
				5CE12F5324F8565E00C8D5D0 /* Post.swift */,
				B0F547352523CFE40009ABAE /* Comment.swift */,
				5CE12F5424F8565E00C8D5D0 /* Listing.swift */,
			);
			path = Models;
			sourceTree = "<group>";
		};
		5CE12F5624F8565E00C8D5D0 /* Views */ = {
			isa = PBXGroup;
			children = (
				B0F547302523CE800009ABAE /* CommentsView.swift */,
				5CCF766624F85CC90040EC07 /* ContentView.swift */,
				B0858190251F8A61001D067E /* CreateUserView.swift */,
				B0858195251FA495001D067E /* FeedView.swift */,
				5C75E5E1253F7C2C00B97254 /* LoginView.swift */,
				5CE12F5824F8565E00C8D5D0 /* MetadataView.swift */,
				5CE12F5924F8565E00C8D5D0 /* PostDetailView.swift */,
				5CCF766D24F85DEB0040EC07 /* PostList.swift */,
				5C06515C25EF09A6005028C0 /* LikedListView.swift */,
				5CE12F5B24F8565E00C8D5D0 /* PostView.swift */,
				B0E5368D2533E08F009663E7 /* SubmitCommentView.swift */,
				5C755E742523A03F00267557 /* SubmitPostView.swift */,
				5C75E5DC253F702B00B97254 /* UserProfileView.swift */,
				B002582A255A4EA700BB7815 /* PageView.swift */,
				B065210A2582C99F000CA1DE /* MenuView.swift */,
				5C07955E259A7E5300688501 /* TabBarView.swift */,
				5C1CAB25260A608400374DFB /* UserCreatedPostView.swift */,
				5D86E377260A7A5F00B002D8 /* FeedbackView.swift */,
				5CB22C1C261CF07000822BBE /* UserLikedView.swift */,
			);
			path = Views;
			sourceTree = "<group>";
		};
		5CE12F5C24F8565E00C8D5D0 /* Helpers */ = {
			isa = PBXGroup;
			children = (
				B06520FC2582C27C000CA1DE /* UserInfo.swift */,
				B002582F255A4F0900BB7815 /* Location.swift */,
				B0025840255B5F3200BB7815 /* Date.swift */,
				5C07956C259A8B0800688501 /* Category.swift */,
			);
			path = Helpers;
			sourceTree = "<group>";
		};
		BB0CF5876F6A88CE19B05E34 /* Pods */ = {
			isa = PBXGroup;
			children = (
				EFAF78476E4548BA4BF098FE /* Pods-Bubble.debug.xcconfig */,
				8CD38C4746E74BBD41B28468 /* Pods-Bubble.release.xcconfig */,
			);
			path = Pods;
			sourceTree = "<group>";
		};
		F535F9366AEFDFB6AB21682F /* Frameworks */ = {
			isa = PBXGroup;
			children = (
				966E3379C738237B468604C1 /* Pods_Bubble.framework */,
			);
			name = Frameworks;
			sourceTree = "<group>";
		};
/* End PBXGroup section */

/* Begin PBXNativeTarget section */
		5CE12F1F24F855DD00C8D5D0 /* Bubble */ = {
			isa = PBXNativeTarget;
			buildConfigurationList = 5CE12F4524F855E100C8D5D0 /* Build configuration list for PBXNativeTarget "Bubble" */;
			buildPhases = (
				28BCEBF665BE6CE491616F7F /* [CP] Check Pods Manifest.lock */,
				5CE12F1C24F855DD00C8D5D0 /* Sources */,
				5CE12F1D24F855DD00C8D5D0 /* Frameworks */,
				5CE12F1E24F855DD00C8D5D0 /* Resources */,
				8A30670015A5B1DB1D82214C /* [CP] Embed Pods Frameworks */,
			);
			buildRules = (
			);
			dependencies = (
			);
			name = Bubble;
			packageProductDependencies = (
				5CE12F8B24F857CE00C8D5D0 /* Json */,
				5CE12F8D24F857CE00C8D5D0 /* Request */,
				B00258002559B5EB00BB7815 /* SlideOverCard */,
				5C1CAB34260A8BD500374DFB /* DeviceKit */,
			);
			productName = Localist;
			productReference = 5CE12F2024F855DD00C8D5D0 /* Bubble.app */;
			productType = "com.apple.product-type.application";
		};
		5CE12F3024F855E100C8D5D0 /* BubbleTests */ = {
			isa = PBXNativeTarget;
			buildConfigurationList = 5CE12F4824F855E100C8D5D0 /* Build configuration list for PBXNativeTarget "BubbleTests" */;
			buildPhases = (
				5CE12F2D24F855E100C8D5D0 /* Sources */,
				5CE12F2E24F855E100C8D5D0 /* Frameworks */,
				5CE12F2F24F855E100C8D5D0 /* Resources */,
			);
			buildRules = (
			);
			dependencies = (
				5CE12F3324F855E100C8D5D0 /* PBXTargetDependency */,
			);
			name = BubbleTests;
			productName = LocalistTests;
			productReference = 5CE12F3124F855E100C8D5D0 /* BubbleTests.xctest */;
			productType = "com.apple.product-type.bundle.unit-test";
		};
		5CE12F3B24F855E100C8D5D0 /* BubbleUITests */ = {
			isa = PBXNativeTarget;
			buildConfigurationList = 5CE12F4B24F855E100C8D5D0 /* Build configuration list for PBXNativeTarget "BubbleUITests" */;
			buildPhases = (
				5CE12F3824F855E100C8D5D0 /* Sources */,
				5CE12F3924F855E100C8D5D0 /* Frameworks */,
				5CE12F3A24F855E100C8D5D0 /* Resources */,
			);
			buildRules = (
			);
			dependencies = (
				5CE12F3E24F855E100C8D5D0 /* PBXTargetDependency */,
			);
			name = BubbleUITests;
			productName = LocalistUITests;
			productReference = 5CE12F3C24F855E100C8D5D0 /* BubbleUITests.xctest */;
			productType = "com.apple.product-type.bundle.ui-testing";
		};
/* End PBXNativeTarget section */

/* Begin PBXProject section */
		5CE12F1824F855DD00C8D5D0 /* Project object */ = {
			isa = PBXProject;
			attributes = {
				LastSwiftUpdateCheck = 1200;
				LastUpgradeCheck = 1210;
				ORGANIZATIONNAME = Bubble;
				TargetAttributes = {
					5CE12F1F24F855DD00C8D5D0 = {
						CreatedOnToolsVersion = 12.0;
					};
					5CE12F3024F855E100C8D5D0 = {
						CreatedOnToolsVersion = 12.0;
						TestTargetID = 5CE12F1F24F855DD00C8D5D0;
					};
					5CE12F3B24F855E100C8D5D0 = {
						CreatedOnToolsVersion = 12.0;
						TestTargetID = 5CE12F1F24F855DD00C8D5D0;
					};
				};
			};
			buildConfigurationList = 5CE12F1B24F855DD00C8D5D0 /* Build configuration list for PBXProject "Bubble" */;
			compatibilityVersion = "Xcode 12.0";
			developmentRegion = en;
			hasScannedForEncodings = 0;
			knownRegions = (
				en,
				Base,
			);
			mainGroup = 5CE12F1724F855DD00C8D5D0;
			packageReferences = (
				5CE12F8A24F857CE00C8D5D0 /* XCRemoteSwiftPackageReference "swift-request" */,
				B00257FF2559B5EB00BB7815 /* XCRemoteSwiftPackageReference "swiftUI-slide-over-card" */,
				5C1CAB33260A8BD500374DFB /* XCRemoteSwiftPackageReference "DeviceKit" */,
			);
			productRefGroup = 5CE12F2124F855DD00C8D5D0 /* Products */;
			projectDirPath = "";
			projectRoot = "";
			targets = (
				5CE12F1F24F855DD00C8D5D0 /* Bubble */,
				5CE12F3024F855E100C8D5D0 /* BubbleTests */,
				5CE12F3B24F855E100C8D5D0 /* BubbleUITests */,
			);
		};
/* End PBXProject section */

/* Begin PBXResourcesBuildPhase section */
		5CE12F1E24F855DD00C8D5D0 /* Resources */ = {
			isa = PBXResourcesBuildPhase;
			buildActionMask = 2147483647;
			files = (
				B07A9F7B25579C51008715CC /* Images-4.xcassets in Resources */,
				5CCF769124F865300040EC07 /* LaunchScreen.storyboard in Resources */,
			);
			runOnlyForDeploymentPostprocessing = 0;
		};
		5CE12F2F24F855E100C8D5D0 /* Resources */ = {
			isa = PBXResourcesBuildPhase;
			buildActionMask = 2147483647;
			files = (
			);
			runOnlyForDeploymentPostprocessing = 0;
		};
		5CE12F3A24F855E100C8D5D0 /* Resources */ = {
			isa = PBXResourcesBuildPhase;
			buildActionMask = 2147483647;
			files = (
			);
			runOnlyForDeploymentPostprocessing = 0;
		};
/* End PBXResourcesBuildPhase section */

/* Begin PBXShellScriptBuildPhase section */
		28BCEBF665BE6CE491616F7F /* [CP] Check Pods Manifest.lock */ = {
			isa = PBXShellScriptBuildPhase;
			buildActionMask = 2147483647;
			files = (
			);
			inputFileListPaths = (
			);
			inputPaths = (
				"${PODS_PODFILE_DIR_PATH}/Podfile.lock",
				"${PODS_ROOT}/Manifest.lock",
			);
			name = "[CP] Check Pods Manifest.lock";
			outputFileListPaths = (
			);
			outputPaths = (
				"$(DERIVED_FILE_DIR)/Pods-Bubble-checkManifestLockResult.txt",
			);
			runOnlyForDeploymentPostprocessing = 0;
			shellPath = /bin/sh;
			shellScript = "diff \"${PODS_PODFILE_DIR_PATH}/Podfile.lock\" \"${PODS_ROOT}/Manifest.lock\" > /dev/null\nif [ $? != 0 ] ; then\n    # print error to STDERR\n    echo \"error: The sandbox is not in sync with the Podfile.lock. Run 'pod install' or update your CocoaPods installation.\" >&2\n    exit 1\nfi\n# This output is used by Xcode 'outputs' to avoid re-running this script phase.\necho \"SUCCESS\" > \"${SCRIPT_OUTPUT_FILE_0}\"\n";
			showEnvVarsInLog = 0;
		};
		8A30670015A5B1DB1D82214C /* [CP] Embed Pods Frameworks */ = {
			isa = PBXShellScriptBuildPhase;
			buildActionMask = 2147483647;
			files = (
			);
			inputFileListPaths = (
				"${PODS_ROOT}/Target Support Files/Pods-Bubble/Pods-Bubble-frameworks-${CONFIGURATION}-input-files.xcfilelist",
			);
			name = "[CP] Embed Pods Frameworks";
			outputFileListPaths = (
				"${PODS_ROOT}/Target Support Files/Pods-Bubble/Pods-Bubble-frameworks-${CONFIGURATION}-output-files.xcfilelist",
			);
			runOnlyForDeploymentPostprocessing = 0;
			shellPath = /bin/sh;
			shellScript = "\"${PODS_ROOT}/Target Support Files/Pods-Bubble/Pods-Bubble-frameworks.sh\"\n";
			showEnvVarsInLog = 0;
		};
/* End PBXShellScriptBuildPhase section */

/* Begin PBXSourcesBuildPhase section */
		5CE12F1C24F855DD00C8D5D0 /* Sources */ = {
			isa = PBXSourcesBuildPhase;
			buildActionMask = 2147483647;
			files = (
				5C75E5E2253F7C2C00B97254 /* LoginView.swift in Sources */,
				5C07956D259A8B0800688501 /* Category.swift in Sources */,
				B0F547312523CE800009ABAE /* CommentsView.swift in Sources */,
				B065210B2582C99F000CA1DE /* MenuView.swift in Sources */,
				5CE12F5F24F8565E00C8D5D0 /* SortBy.swift in Sources */,
				5CB22C1D261CF07000822BBE /* UserLikedView.swift in Sources */,
				B0858191251F8A61001D067E /* CreateUserView.swift in Sources */,
				5CCF766C24F85DB20040EC07 /* WebView.swift in Sources */,
				5C75E5D3253F6F3900B97254 /* User.swift in Sources */,
				5CCF766B24F85DB20040EC07 /* SpinnerView.swift in Sources */,
				5CE12F6624F8565E00C8D5D0 /* PostDetailView.swift in Sources */,
				5C75E5DD253F702B00B97254 /* UserProfileView.swift in Sources */,
				B0E5368E2533E08F009663E7 /* SubmitCommentView.swift in Sources */,
				5CF2309D2501ACB1004A1C71 /* CommentView.swift in Sources */,
				B06520FD2582C27C000CA1DE /* UserInfo.swift in Sources */,
				5CCF767A24F860D30040EC07 /* MetadataView.swift in Sources */,
				5CCF766724F85CC90040EC07 /* ContentView.swift in Sources */,
				B0025830255A4F0900BB7815 /* Location.swift in Sources */,
				5CCF766324F85B140040EC07 /* SceneDelegate.swift in Sources */,
				5C1CAB26260A608400374DFB /* UserCreatedPostView.swift in Sources */,
				B0F547362523CFE40009ABAE /* Comment.swift in Sources */,
				5C755E752523A03F00267557 /* SubmitPostView.swift in Sources */,
				B0858196251FA495001D067E /* FeedView.swift in Sources */,
				B002582B255A4EA700BB7815 /* PageView.swift in Sources */,
				5CCF768A24F861060040EC07 /* Helpers.swift in Sources */,
				5CCF767E24F860D30040EC07 /* PostView.swift in Sources */,
				5CCF767C24F860D30040EC07 /* PostList.swift in Sources */,
				5D86E378260A7A5F00B002D8 /* FeedbackView.swift in Sources */,
				5C06515D25EF09A6005028C0 /* LikedListView.swift in Sources */,
				5C07955F259A7E5300688501 /* TabBarView.swift in Sources */,
				B0025841255B5F3200BB7815 /* Date.swift in Sources */,
				5CCF768624F860E30040EC07 /* Post.swift in Sources */,
				5CE12F6224F8565E00C8D5D0 /* Listing.swift in Sources */,
				5CCF766524F85C610040EC07 /* AppDelegate.swift in Sources */,
				5CE12F6324F8565E00C8D5D0 /* API.swift in Sources */,
			);
			runOnlyForDeploymentPostprocessing = 0;
		};
		5CE12F2D24F855E100C8D5D0 /* Sources */ = {
			isa = PBXSourcesBuildPhase;
			buildActionMask = 2147483647;
			files = (
				5CE12F3624F855E100C8D5D0 /* LocalistTests.swift in Sources */,
			);
			runOnlyForDeploymentPostprocessing = 0;
		};
		5CE12F3824F855E100C8D5D0 /* Sources */ = {
			isa = PBXSourcesBuildPhase;
			buildActionMask = 2147483647;
			files = (
				5CE12F4124F855E100C8D5D0 /* LocalistUITests.swift in Sources */,
			);
			runOnlyForDeploymentPostprocessing = 0;
		};
/* End PBXSourcesBuildPhase section */

/* Begin PBXTargetDependency section */
		5CE12F3324F855E100C8D5D0 /* PBXTargetDependency */ = {
			isa = PBXTargetDependency;
			target = 5CE12F1F24F855DD00C8D5D0 /* Bubble */;
			targetProxy = 5CE12F3224F855E100C8D5D0 /* PBXContainerItemProxy */;
		};
		5CE12F3E24F855E100C8D5D0 /* PBXTargetDependency */ = {
			isa = PBXTargetDependency;
			target = 5CE12F1F24F855DD00C8D5D0 /* Bubble */;
			targetProxy = 5CE12F3D24F855E100C8D5D0 /* PBXContainerItemProxy */;
		};
/* End PBXTargetDependency section */

/* Begin PBXVariantGroup section */
		5CCF769324F865300040EC07 /* LaunchScreen.storyboard */ = {
			isa = PBXVariantGroup;
			children = (
				5CCF769224F865300040EC07 /* Base */,
			);
			name = LaunchScreen.storyboard;
			sourceTree = "<group>";
		};
/* End PBXVariantGroup section */

/* Begin XCBuildConfiguration section */
		5CE12F4324F855E100C8D5D0 /* Debug */ = {
			isa = XCBuildConfiguration;
			buildSettings = {
				ALWAYS_SEARCH_USER_PATHS = NO;
				CLANG_ANALYZER_NONNULL = YES;
				CLANG_ANALYZER_NUMBER_OBJECT_CONVERSION = YES_AGGRESSIVE;
				CLANG_CXX_LANGUAGE_STANDARD = "gnu++14";
				CLANG_CXX_LIBRARY = "libc++";
				CLANG_ENABLE_MODULES = YES;
				CLANG_ENABLE_OBJC_ARC = YES;
				CLANG_ENABLE_OBJC_WEAK = YES;
				CLANG_WARN_BLOCK_CAPTURE_AUTORELEASING = YES;
				CLANG_WARN_BOOL_CONVERSION = YES;
				CLANG_WARN_COMMA = YES;
				CLANG_WARN_CONSTANT_CONVERSION = YES;
				CLANG_WARN_DEPRECATED_OBJC_IMPLEMENTATIONS = YES;
				CLANG_WARN_DIRECT_OBJC_ISA_USAGE = YES_ERROR;
				CLANG_WARN_DOCUMENTATION_COMMENTS = YES;
				CLANG_WARN_EMPTY_BODY = YES;
				CLANG_WARN_ENUM_CONVERSION = YES;
				CLANG_WARN_INFINITE_RECURSION = YES;
				CLANG_WARN_INT_CONVERSION = YES;
				CLANG_WARN_NON_LITERAL_NULL_CONVERSION = YES;
				CLANG_WARN_OBJC_IMPLICIT_RETAIN_SELF = YES;
				CLANG_WARN_OBJC_LITERAL_CONVERSION = YES;
				CLANG_WARN_OBJC_ROOT_CLASS = YES_ERROR;
				CLANG_WARN_QUOTED_INCLUDE_IN_FRAMEWORK_HEADER = YES;
				CLANG_WARN_RANGE_LOOP_ANALYSIS = YES;
				CLANG_WARN_STRICT_PROTOTYPES = YES;
				CLANG_WARN_SUSPICIOUS_MOVE = YES;
				CLANG_WARN_UNGUARDED_AVAILABILITY = YES_AGGRESSIVE;
				CLANG_WARN_UNREACHABLE_CODE = YES;
				CLANG_WARN__DUPLICATE_METHOD_MATCH = YES;
				COPY_PHASE_STRIP = NO;
				DEBUG_INFORMATION_FORMAT = dwarf;
				ENABLE_STRICT_OBJC_MSGSEND = YES;
				ENABLE_TESTABILITY = YES;
				GCC_C_LANGUAGE_STANDARD = gnu11;
				GCC_DYNAMIC_NO_PIC = NO;
				GCC_NO_COMMON_BLOCKS = NO;
				GCC_OPTIMIZATION_LEVEL = 0;
				GCC_PREPROCESSOR_DEFINITIONS = (
					"DEBUG=1",
					"$(inherited)",
				);
				GCC_WARN_64_TO_32_BIT_CONVERSION = YES;
				GCC_WARN_ABOUT_RETURN_TYPE = YES_ERROR;
				GCC_WARN_UNDECLARED_SELECTOR = YES;
				GCC_WARN_UNINITIALIZED_AUTOS = YES_AGGRESSIVE;
				GCC_WARN_UNUSED_FUNCTION = YES;
				GCC_WARN_UNUSED_VARIABLE = YES;
				IPHONEOS_DEPLOYMENT_TARGET = 14.0;
				MTL_ENABLE_DEBUG_INFO = INCLUDE_SOURCE;
				MTL_FAST_MATH = YES;
				ONLY_ACTIVE_ARCH = YES;
				SDKROOT = iphoneos;
				SWIFT_ACTIVE_COMPILATION_CONDITIONS = DEBUG;
				SWIFT_OPTIMIZATION_LEVEL = "-Onone";
			};
			name = Debug;
		};
		5CE12F4424F855E100C8D5D0 /* Release */ = {
			isa = XCBuildConfiguration;
			buildSettings = {
				ALWAYS_SEARCH_USER_PATHS = NO;
				CLANG_ANALYZER_NONNULL = YES;
				CLANG_ANALYZER_NUMBER_OBJECT_CONVERSION = YES_AGGRESSIVE;
				CLANG_CXX_LANGUAGE_STANDARD = "gnu++14";
				CLANG_CXX_LIBRARY = "libc++";
				CLANG_ENABLE_MODULES = YES;
				CLANG_ENABLE_OBJC_ARC = YES;
				CLANG_ENABLE_OBJC_WEAK = YES;
				CLANG_WARN_BLOCK_CAPTURE_AUTORELEASING = YES;
				CLANG_WARN_BOOL_CONVERSION = YES;
				CLANG_WARN_COMMA = YES;
				CLANG_WARN_CONSTANT_CONVERSION = YES;
				CLANG_WARN_DEPRECATED_OBJC_IMPLEMENTATIONS = YES;
				CLANG_WARN_DIRECT_OBJC_ISA_USAGE = YES_ERROR;
				CLANG_WARN_DOCUMENTATION_COMMENTS = YES;
				CLANG_WARN_EMPTY_BODY = YES;
				CLANG_WARN_ENUM_CONVERSION = YES;
				CLANG_WARN_INFINITE_RECURSION = YES;
				CLANG_WARN_INT_CONVERSION = YES;
				CLANG_WARN_NON_LITERAL_NULL_CONVERSION = YES;
				CLANG_WARN_OBJC_IMPLICIT_RETAIN_SELF = YES;
				CLANG_WARN_OBJC_LITERAL_CONVERSION = YES;
				CLANG_WARN_OBJC_ROOT_CLASS = YES_ERROR;
				CLANG_WARN_QUOTED_INCLUDE_IN_FRAMEWORK_HEADER = YES;
				CLANG_WARN_RANGE_LOOP_ANALYSIS = YES;
				CLANG_WARN_STRICT_PROTOTYPES = YES;
				CLANG_WARN_SUSPICIOUS_MOVE = YES;
				CLANG_WARN_UNGUARDED_AVAILABILITY = YES_AGGRESSIVE;
				CLANG_WARN_UNREACHABLE_CODE = YES;
				CLANG_WARN__DUPLICATE_METHOD_MATCH = YES;
				COPY_PHASE_STRIP = NO;
				DEBUG_INFORMATION_FORMAT = "dwarf-with-dsym";
				ENABLE_NS_ASSERTIONS = NO;
				ENABLE_STRICT_OBJC_MSGSEND = YES;
				GCC_C_LANGUAGE_STANDARD = gnu11;
				GCC_NO_COMMON_BLOCKS = NO;
				GCC_WARN_64_TO_32_BIT_CONVERSION = YES;
				GCC_WARN_ABOUT_RETURN_TYPE = YES_ERROR;
				GCC_WARN_UNDECLARED_SELECTOR = YES;
				GCC_WARN_UNINITIALIZED_AUTOS = YES_AGGRESSIVE;
				GCC_WARN_UNUSED_FUNCTION = YES;
				GCC_WARN_UNUSED_VARIABLE = YES;
				IPHONEOS_DEPLOYMENT_TARGET = 14.0;
				MTL_ENABLE_DEBUG_INFO = NO;
				MTL_FAST_MATH = YES;
				SDKROOT = iphoneos;
				SWIFT_COMPILATION_MODE = wholemodule;
				SWIFT_OPTIMIZATION_LEVEL = "-O";
				VALIDATE_PRODUCT = YES;
			};
			name = Release;
		};
		5CE12F4624F855E100C8D5D0 /* Debug */ = {
			isa = XCBuildConfiguration;
			baseConfigurationReference = EFAF78476E4548BA4BF098FE /* Pods-Bubble.debug.xcconfig */;
			buildSettings = {
				ASSETCATALOG_COMPILER_APPICON_NAME = AppIcon;
				ASSETCATALOG_COMPILER_GLOBAL_ACCENT_COLOR_NAME = AccentColor;
				CODE_SIGN_STYLE = Automatic;
				CURRENT_PROJECT_VERSION = 3;
				DEVELOPMENT_ASSET_PATHS = "\"Localist/Preview Content\"";
				DEVELOPMENT_TEAM = 9CB7HM8CCZ;
				ENABLE_PREVIEWS = YES;
				GCC_NO_COMMON_BLOCKS = YES;
				INFOPLIST_FILE = Localist/Info.plist;
				IPHONEOS_DEPLOYMENT_TARGET = 13.6;
				LD_RUNPATH_SEARCH_PATHS = (
					"$(inherited)",
					"@executable_path/Frameworks",
				);
				MARKETING_VERSION = 1;
				PRODUCT_BUNDLE_IDENTIFIER = bubble.beta.test;
				PRODUCT_NAME = "$(TARGET_NAME)";
				SWIFT_VERSION = 5.0;
				TARGETED_DEVICE_FAMILY = "1,2";
			};
			name = Debug;
		};
		5CE12F4724F855E100C8D5D0 /* Release */ = {
			isa = XCBuildConfiguration;
			baseConfigurationReference = 8CD38C4746E74BBD41B28468 /* Pods-Bubble.release.xcconfig */;
			buildSettings = {
				ASSETCATALOG_COMPILER_APPICON_NAME = AppIcon;
				ASSETCATALOG_COMPILER_GLOBAL_ACCENT_COLOR_NAME = AccentColor;
				CODE_SIGN_IDENTITY = "Apple Development";
				CODE_SIGN_STYLE = Automatic;
				CURRENT_PROJECT_VERSION = 3;
				DEVELOPMENT_ASSET_PATHS = "\"Localist/Preview Content\"";
				DEVELOPMENT_TEAM = 9CB7HM8CCZ;
				ENABLE_PREVIEWS = YES;
				GCC_NO_COMMON_BLOCKS = YES;
				INFOPLIST_FILE = Localist/Info.plist;
				IPHONEOS_DEPLOYMENT_TARGET = 13.6;
				LD_RUNPATH_SEARCH_PATHS = (
					"$(inherited)",
					"@executable_path/Frameworks",
				);
				MARKETING_VERSION = 1;
				PRODUCT_BUNDLE_IDENTIFIER = bubble.beta.test;
				PRODUCT_NAME = "$(TARGET_NAME)";
				PROVISIONING_PROFILE_SPECIFIER = "";
				SWIFT_VERSION = 5.0;
				TARGETED_DEVICE_FAMILY = "1,2";
			};
			name = Release;
		};
		5CE12F4924F855E100C8D5D0 /* Debug */ = {
			isa = XCBuildConfiguration;
			buildSettings = {
				ALWAYS_EMBED_SWIFT_STANDARD_LIBRARIES = YES;
				BUNDLE_LOADER = "$(TEST_HOST)";
				CODE_SIGN_STYLE = Automatic;
				INFOPLIST_FILE = LocalistTests/Info.plist;
				IPHONEOS_DEPLOYMENT_TARGET = 14.0;
				LD_RUNPATH_SEARCH_PATHS = (
					"$(inherited)",
					"@executable_path/Frameworks",
					"@loader_path/Frameworks",
				);
				PRODUCT_BUNDLE_IDENTIFIER = localist.LocalistTests;
				PRODUCT_NAME = "$(TARGET_NAME)";
				SWIFT_VERSION = 5.0;
				TARGETED_DEVICE_FAMILY = "1,2";
				TEST_HOST = "$(BUILT_PRODUCTS_DIR)/Bubble.app/Bubble";
			};
			name = Debug;
		};
		5CE12F4A24F855E100C8D5D0 /* Release */ = {
			isa = XCBuildConfiguration;
			buildSettings = {
				ALWAYS_EMBED_SWIFT_STANDARD_LIBRARIES = YES;
				BUNDLE_LOADER = "$(TEST_HOST)";
				"CODE_SIGN_IDENTITY[sdk=macosx*]" = "-";
				CODE_SIGN_STYLE = Automatic;
				DEVELOPMENT_TEAM = 9CB7HM8CCZ;
				INFOPLIST_FILE = LocalistTests/Info.plist;
				IPHONEOS_DEPLOYMENT_TARGET = 14.0;
				LD_RUNPATH_SEARCH_PATHS = (
					"$(inherited)",
					"@executable_path/Frameworks",
					"@loader_path/Frameworks",
				);
				PRODUCT_BUNDLE_IDENTIFIER = localist.LocalistTests;
				PRODUCT_NAME = "$(TARGET_NAME)";
				SWIFT_VERSION = 5.0;
				TARGETED_DEVICE_FAMILY = "1,2";
				TEST_HOST = "$(BUILT_PRODUCTS_DIR)/Bubble.app/Bubble";
			};
			name = Release;
		};
		5CE12F4C24F855E100C8D5D0 /* Debug */ = {
			isa = XCBuildConfiguration;
			buildSettings = {
				ALWAYS_EMBED_SWIFT_STANDARD_LIBRARIES = YES;
				CODE_SIGN_STYLE = Automatic;
				INFOPLIST_FILE = LocalistUITests/Info.plist;
				LD_RUNPATH_SEARCH_PATHS = (
					"$(inherited)",
					"@executable_path/Frameworks",
					"@loader_path/Frameworks",
				);
				PRODUCT_BUNDLE_IDENTIFIER = localist.LocalistUITests;
				PRODUCT_NAME = "$(TARGET_NAME)";
				SWIFT_VERSION = 5.0;
				TARGETED_DEVICE_FAMILY = "1,2";
				TEST_TARGET_NAME = Localist;
			};
			name = Debug;
		};
		5CE12F4D24F855E100C8D5D0 /* Release */ = {
			isa = XCBuildConfiguration;
			buildSettings = {
				ALWAYS_EMBED_SWIFT_STANDARD_LIBRARIES = YES;
				"CODE_SIGN_IDENTITY[sdk=macosx*]" = "-";
				CODE_SIGN_STYLE = Automatic;
				DEVELOPMENT_TEAM = 9CB7HM8CCZ;
				INFOPLIST_FILE = LocalistUITests/Info.plist;
				LD_RUNPATH_SEARCH_PATHS = (
					"$(inherited)",
					"@executable_path/Frameworks",
					"@loader_path/Frameworks",
				);
				PRODUCT_BUNDLE_IDENTIFIER = localist.LocalistUITests;
				PRODUCT_NAME = "$(TARGET_NAME)";
				SWIFT_VERSION = 5.0;
				TARGETED_DEVICE_FAMILY = "1,2";
				TEST_TARGET_NAME = Localist;
			};
			name = Release;
		};
/* End XCBuildConfiguration section */

/* Begin XCConfigurationList section */
		5CE12F1B24F855DD00C8D5D0 /* Build configuration list for PBXProject "Bubble" */ = {
			isa = XCConfigurationList;
			buildConfigurations = (
				5CE12F4324F855E100C8D5D0 /* Debug */,
				5CE12F4424F855E100C8D5D0 /* Release */,
			);
			defaultConfigurationIsVisible = 0;
			defaultConfigurationName = Release;
		};
		5CE12F4524F855E100C8D5D0 /* Build configuration list for PBXNativeTarget "Bubble" */ = {
			isa = XCConfigurationList;
			buildConfigurations = (
				5CE12F4624F855E100C8D5D0 /* Debug */,
				5CE12F4724F855E100C8D5D0 /* Release */,
			);
			defaultConfigurationIsVisible = 0;
			defaultConfigurationName = Release;
		};
		5CE12F4824F855E100C8D5D0 /* Build configuration list for PBXNativeTarget "BubbleTests" */ = {
			isa = XCConfigurationList;
			buildConfigurations = (
				5CE12F4924F855E100C8D5D0 /* Debug */,
				5CE12F4A24F855E100C8D5D0 /* Release */,
			);
			defaultConfigurationIsVisible = 0;
			defaultConfigurationName = Release;
		};
		5CE12F4B24F855E100C8D5D0 /* Build configuration list for PBXNativeTarget "BubbleUITests" */ = {
			isa = XCConfigurationList;
			buildConfigurations = (
				5CE12F4C24F855E100C8D5D0 /* Debug */,
				5CE12F4D24F855E100C8D5D0 /* Release */,
			);
			defaultConfigurationIsVisible = 0;
			defaultConfigurationName = Release;
		};
/* End XCConfigurationList section */

/* Begin XCRemoteSwiftPackageReference section */
		5C1CAB33260A8BD500374DFB /* XCRemoteSwiftPackageReference "DeviceKit" */ = {
			isa = XCRemoteSwiftPackageReference;
			repositoryURL = "https://github.com/devicekit/DeviceKit.git";
			requirement = {
				kind = upToNextMajorVersion;
				minimumVersion = 4.3.0;
			};
		};
		5CE12F8A24F857CE00C8D5D0 /* XCRemoteSwiftPackageReference "swift-request" */ = {
			isa = XCRemoteSwiftPackageReference;
			repositoryURL = "https://github.com/carson-katri/swift-request";
			requirement = {
				kind = upToNextMajorVersion;
				minimumVersion = 1.3.0;
			};
		};
		B00257FF2559B5EB00BB7815 /* XCRemoteSwiftPackageReference "swiftUI-slide-over-card" */ = {
			isa = XCRemoteSwiftPackageReference;
			repositoryURL = "https://github.com/moifort/swiftUI-slide-over-card";
			requirement = {
				kind = upToNextMajorVersion;
				minimumVersion = 1.2.1;
			};
		};
/* End XCRemoteSwiftPackageReference section */

/* Begin XCSwiftPackageProductDependency section */
		5C1CAB34260A8BD500374DFB /* DeviceKit */ = {
			isa = XCSwiftPackageProductDependency;
			package = 5C1CAB33260A8BD500374DFB /* XCRemoteSwiftPackageReference "DeviceKit" */;
			productName = DeviceKit;
		};
		5CE12F8B24F857CE00C8D5D0 /* Json */ = {
			isa = XCSwiftPackageProductDependency;
			package = 5CE12F8A24F857CE00C8D5D0 /* XCRemoteSwiftPackageReference "swift-request" */;
			productName = Json;
		};
		5CE12F8D24F857CE00C8D5D0 /* Request */ = {
			isa = XCSwiftPackageProductDependency;
			package = 5CE12F8A24F857CE00C8D5D0 /* XCRemoteSwiftPackageReference "swift-request" */;
			productName = Request;
		};
		B00258002559B5EB00BB7815 /* SlideOverCard */ = {
			isa = XCSwiftPackageProductDependency;
			package = B00257FF2559B5EB00BB7815 /* XCRemoteSwiftPackageReference "swiftUI-slide-over-card" */;
			productName = SlideOverCard;
		};
/* End XCSwiftPackageProductDependency section */
	};
	rootObject = 5CE12F1824F855DD00C8D5D0 /* Project object */;
}
